--2016-01-20 20:07:15--  https://raw.githubusercontent.com/pdepend/pdepend/852c9c2ba371003da96aaf0b69177861de42a420/composer.lock
Auflösen des Hostnamen »raw.githubusercontent.com (raw.githubusercontent.com)«... 185.31.17.133
Verbindungsaufbau zu raw.githubusercontent.com (raw.githubusercontent.com)|185.31.17.133|:443... verbunden.
HTTP-Anforderung gesendet, warte auf Antwort... 200 OK
Länge: 42339 (41K) [text/plain]
In »»composer.lock.1«« speichern.

     0K .......... .......... .......... .......... .         100%  748K=0,06s

2016-01-20 20:07:16 (748 KB/s) - »»composer.lock.1«« gespeichert [42339/42339]

